# THIS IS AN AUTOGENERATED FILE. DO NOT EDIT THIS FILE DIRECTLY.
# yarn lockfile v1


"@swc/core-darwin-arm64@1.3.21":
  version "1.3.21"
  resolved "https://registry.npmmirror.com/@swc/core-darwin-arm64/-/core-darwin-arm64-1.3.21.tgz#9fe6d5c4c3ca0854194ab7d3e42ac29cda422abf"
  integrity sha512-5dBrJyrCzdHOQ9evS9NBJm2geKcXffIuAvSrnwbMHkfTpl+pOM7crry2tolydFXdOE/Jbx8yyahAIXPne1fTHw==

"@swc/core-darwin-x64@1.3.21":
  version "1.3.21"
  resolved "https://registry.npmmirror.com/@swc/core-darwin-x64/-/core-darwin-x64-1.3.21.tgz#6fb005ff27c5521534dd75732973182f45836681"
  integrity sha512-CAtzfsRoVZr7DLKOOWPua6npFdj06wRuv1us275CY2QS3mg1bPl9BxA3c94q3mMcu5Bf06+dzUOjJSGrsBD7Ig==

"@swc/core-linux-arm-gnueabihf@1.3.21":
  version "1.3.21"
  resolved "https://registry.npmmirror.com/@swc/core-linux-arm-gnueabihf/-/core-linux-arm-gnueabihf-1.3.21.tgz#3c54f62c1718408993b82ae4726c081e3271f002"
  integrity sha512-oPO7oFr89pjDFlHJ2aZvzGR6hwy5nmQyeiuqpTgfn+RFFLLbipFawJe/2NBWyD35bxuguW6a3/w9I6edKTpLUw==

"@swc/core-linux-arm64-gnu@1.3.21":
  version "1.3.21"
  resolved "https://registry.npmmirror.com/@swc/core-linux-arm64-gnu/-/core-linux-arm64-gnu-1.3.21.tgz#7a4e17420ad98f35712cd2cbde46b8a78c39beb3"
  integrity sha512-cgPw35T8HO4gB/tvPJMwjJuNNpydmw6U5hkxZ+7jiE+qA8hN8a71i+BBfXeSzlo60t4c44+zK4t+gK7UacZg2w==

"@swc/core-linux-arm64-musl@1.3.21":
  version "1.3.21"
  resolved "https://registry.npmmirror.com/@swc/core-linux-arm64-musl/-/core-linux-arm64-musl-1.3.21.tgz#2b98140cc6dcd23c28f823a8ab8d61df8f876aed"
  integrity sha512-kwH+HHtcakSqR3gF5QJ7N7SPs96ilFiXuauB02Ct3UflaGbVYVoeFYj/VEIJ+ZJvlvvOEDByOiLyrk2bw0bG7A==

"@swc/core-linux-x64-gnu@1.3.21":
  version "1.3.21"
  resolved "https://registry.npmmirror.com/@swc/core-linux-x64-gnu/-/core-linux-x64-gnu-1.3.21.tgz#6dc8105f6a6252322010896e79ad8a12269862ed"
  integrity sha512-/kLQLNxwdX6kO2R751uUrxXZsAhOkA1EeQzAqj+5Y+bzt3hA5asH5evkY0w0Aj1zCofX4p4o/Q35mandUPxMlw==

"@swc/core-linux-x64-musl@1.3.21":
  version "1.3.21"
  resolved "https://registry.npmmirror.com/@swc/core-linux-x64-musl/-/core-linux-x64-musl-1.3.21.tgz#e94eeecf389b441f09cf2de712caf5c9d0a0d5da"
  integrity sha512-s+l3LqUzDli6rbmIPR3IfO23IOLYBVxk97CDdcJWrRTVtCwUKFhFVJVZyErveriqLXSGJhy5+UL+aOuxC4dk8g==

"@swc/core-win32-arm64-msvc@1.3.21":
  version "1.3.21"
  resolved "https://registry.npmmirror.com/@swc/core-win32-arm64-msvc/-/core-win32-arm64-msvc-1.3.21.tgz#07374179e0422ad7352430e8b8fd7fd0f92e099c"
  integrity sha512-59gWcdbZxvmyzh+J50yCCodKDYRUnMwNypzzfamF1Vusa4Np+IGMWEaE2KsZUq50OQIRo0PGHpBPMKVYkuGv8g==

"@swc/core-win32-ia32-msvc@1.3.21":
  version "1.3.21"
  resolved "https://registry.npmmirror.com/@swc/core-win32-ia32-msvc/-/core-win32-ia32-msvc-1.3.21.tgz#abc4aa533a21da7c0812698ba485314797032edf"
  integrity sha512-3gH86ffVAiCmeRy+xSxR5iWSbKy4nUddo4PIahD1zwGJx6LC5ahC/I6EpL1pvoX3KdJKVioUBn0KDfPDUYfqJw==

"@swc/core-win32-x64-msvc@1.3.21":
  version "1.3.21"
  resolved "https://registry.npmmirror.com/@swc/core-win32-x64-msvc/-/core-win32-x64-msvc-1.3.21.tgz#2d5264370a737e0842434988f9afe9924cc0c4b6"
  integrity sha512-JKWLJdJ3oFc8fGBk4P6mGKhW8n+FmEjLLbsST+h94bZmelrSTeShBt3rr+pMMatFevlu/c9lM3OW2GHsZeZNkg==

"@swc/core@^1.3.21":
  version "1.3.21"
  resolved "https://registry.npmmirror.com/@swc/core/-/core-1.3.21.tgz#5168604c9bcd81740d8aa3a602a2a64dbb9377d1"
  integrity sha512-RTmqkm5e5sb+Q+YbyqiE52xjvX+kcIVDgaSdSD7mNy2opgDfIdFMhExmB8UQStt3TLrlpAslWaFNWNmvaHP9rg==
  optionalDependencies:
    "@swc/core-darwin-arm64" "1.3.21"
    "@swc/core-darwin-x64" "1.3.21"
    "@swc/core-linux-arm-gnueabihf" "1.3.21"
    "@swc/core-linux-arm64-gnu" "1.3.21"
    "@swc/core-linux-arm64-musl" "1.3.21"
    "@swc/core-linux-x64-gnu" "1.3.21"
    "@swc/core-linux-x64-musl" "1.3.21"
    "@swc/core-win32-arm64-msvc" "1.3.21"
    "@swc/core-win32-ia32-msvc" "1.3.21"
    "@swc/core-win32-x64-msvc" "1.3.21"

fs-extra@^11.1.0:
  version "11.1.0"
  resolved "https://registry.npmmirror.com/fs-extra/-/fs-extra-11.1.0.tgz#5784b102104433bb0e090f48bfc4a30742c357ed"
  integrity sha512-0rcTq621PD5jM/e0a3EJoGC/1TC5ZBCERW82LQuwfGnCa1V8w7dpYH1yNu+SLb6E5dkeCBzKEyLGlFrnr+dUyw==
  dependencies:
    graceful-fs "^4.2.0"
    jsonfile "^6.0.1"
    universalify "^2.0.0"

graceful-fs@^4.1.6, graceful-fs@^4.2.0:
  version "4.2.10"
  resolved "https://registry.npmmirror.com/graceful-fs/-/graceful-fs-4.2.10.tgz#147d3a006da4ca3ce14728c7aefc287c367d7a6c"
  integrity sha512-9ByhssR2fPVsNZj478qUUbKfmL0+t5BDVyjShtyZZLiK7ZDAArFFfopyOTj0M05wE2tJPisA4iTnnXl2YoPvOA==

jsonfile@^6.0.1:
  version "6.1.0"
  resolved "https://registry.npmmirror.com/jsonfile/-/jsonfile-6.1.0.tgz#bc55b2634793c679ec6403094eb13698a6ec0aae"
  integrity sha512-5dgndWOriYSm5cnYaJNhalLNDKOqFwyDB/rr1E9ZsGciGvKPs8R2xYGCacuf3z6K1YKDz182fd+fY3cn3pMqXQ==
  dependencies:
    universalify "^2.0.0"
  optionalDependencies:
    graceful-fs "^4.1.6"

universalify@^2.0.0:
  version "2.0.0"
  resolved "https://registry.npmmirror.com/universalify/-/universalify-2.0.0.tgz#75a4984efedc4b08975c5aeb73f530d02df25717"
  integrity sha512-hAZsKq7Yy11Zu1DE0OzWjw7nnLZmJZYTDZZyEFHZdUhV8FkH5MCfoU1XMaxXovpyW5nq5scPqq0ZDP9Zyl04oQ==
